
Microsoft Visual Studio Solution File, Format Version 11.00
# Visual C++ Express 2010
Project("{8BC9CEB8-8B4A-11D0-8D11-00A0C91BC942}") = "findprime", "findprime\findprime.vcxproj", "{90E058B8-5E7B-4ED1-8EEE-9FE089DB3597}"
EndProject
Global
	GlobalSection(SolutionConfigurationPlatforms) = preSolution
		Debug|Win32 = Debug|Win32
		Release|Win32 = Release|Win32
	EndGlobalSection
	GlobalSection(ProjectConfigurationPlatforms) = postSolution
		{90E058B8-5E7B-4ED1-8EEE-9FE089DB3597}.Debug|Win32.ActiveCfg = Debug|Win32
		{90E058B8-5E7B-4ED1-8EEE-9FE089DB3597}.Debug|Win32.Build.0 = Debug|Win32
		{90E058B8-5E7B-4ED1-8EEE-9FE089DB3597}.Release|Win32.ActiveCfg = Release|Win32
		{90E058B8-5E7B-4ED1-8EEE-9FE089DB3597}.Release|Win32.Build.0 = Release|Win32
	EndGlobalSection
	GlobalSection(SolutionProperties) = preSolution
		HideSolutionNode = FALSE
	EndGlobalSection
EndGlobal
